Microsoft Visual Studio Solution File, Format Version 12.00
# Visual Studio Version 17
VisualStudioVersion = 17.5.2.0
MinimumVisualStudioVersion = 10.0.40219.1
Project("{FAE04EC0-301F-11D3-BF4B-00C04F79EFBC}") = "JournalingAPI", "JournalingAPI\JournalingAPI.csproj", "{B9C96521-AF63-09EC-F6D1-26FB62DA84B8}"
EndProject
Global
	GlobalSection(SolutionConfigurationPlatforms) = preSolution
		Debug|Any CPU = Debug|Any CPU
		Release|Any CPU = Release|Any CPU
	EndGlobalSection
	GlobalSection(ProjectConfigurationPlatforms) = postSolution
		{B9C96521-AF63-09EC-F6D1-26FB62DA84B8}.Debug|Any CPU.ActiveCfg = Debug|Any CPU
		{B9C96521-AF63-09EC-F6D1-26FB62DA84B8}.Debug|Any CPU.Build.0 = Debug|Any CPU
		{B9C96521-AF63-09EC-F6D1-26FB62DA84B8}.Release|Any CPU.ActiveCfg = Release|Any CPU
		{B9C96521-AF63-09EC-F6D1-26FB62DA84B8}.Release|Any CPU.Build.0 = Release|Any CPU
	EndGlobalSection
	GlobalSection(SolutionProperties) = preSolution
		HideSolutionNode = FALSE
	EndGlobalSection
	GlobalSection(ExtensibilityGlobals) = postSolution
		SolutionGuid = {7D34C259-DC31-4F67-A2D5-E67A7E7CB079}
	EndGlobalSection
EndGlobal
